// !$*UTF8*$!
{
	archiveVersion = 1;
	classes = {
	};
	objectVersion = 77;
	objects = {

/* Begin PBXBuildFile section */
		D91EE7572EB6A40100EE4CB0 /* PixelyTestPlan.xctestplan in Resources */ = {isa = PBXBuildFile; fileRef = D91EE7562EB6A40100EE4CB0 /* PixelyTestPlan.xctestplan */; };
		D91EE75C2EB73B8800EE4CB0 /* Persistence in Frameworks */ = {isa = PBXBuildFile; productRef = D91EE75B2EB73B8800EE4CB0 /* Persistence */; };
		D91EE7FC2EB73D4C00EE4CB0 /* Models in Frameworks */ = {isa = PBXBuildFile; productRef = D91EE7FB2EB73D4C00EE4CB0 /* Models */; };
		D91EE8902EB7656400EE4CB0 /* Repositories in Frameworks */ = {isa = PBXBuildFile; productRef = D91EE88F2EB7656400EE4CB0 /* Repositories */; };
		D91EE8932EB779AD00EE4CB0 /* Stores in Frameworks */ = {isa = PBXBuildFile; productRef = D91EE8922EB779AD00EE4CB0 /* Stores */; };
		D91EE8962EB7945100EE4CB0 /* Albums in Frameworks */ = {isa = PBXBuildFile; productRef = D91EE8952EB7945100EE4CB0 /* Albums */; };
		D91EE8982EB7945100EE4CB0 /* Gallery in Frameworks */ = {isa = PBXBuildFile; productRef = D91EE8972EB7945100EE4CB0 /* Gallery */; };
		D91EE89B2EB7949800EE4CB0 /* DesignSystem in Frameworks */ = {isa = PBXBuildFile; productRef = D91EE89A2EB7949800EE4CB0 /* DesignSystem */; };
		D91EE92F2EB7AA9A00EE4CB0 /* Navigation in Frameworks */ = {isa = PBXBuildFile; productRef = D91EE92E2EB7AA9A00EE4CB0 /* Navigation */; };
		D91EE9312EB7AB6000EE4CB0 /* Memories in Frameworks */ = {isa = PBXBuildFile; productRef = D91EE9302EB7AB6000EE4CB0 /* Memories */; };
		D91EE9332EB7AB6500EE4CB0 /* Settings in Frameworks */ = {isa = PBXBuildFile; productRef = D91EE9322EB7AB6500EE4CB0 /* Settings */; };
/* End PBXBuildFile section */

/* Begin PBXContainerItemProxy section */
		D91EE6A32EB6905500EE4CB0 /* PBXContainerItemProxy */ = {
			isa = PBXContainerItemProxy;
			containerPortal = D91EE6862EB6905400EE4CB0 /* Project object */;
			proxyType = 1;
			remoteGlobalIDString = D91EE68D2EB6905400EE4CB0;
			remoteInfo = Pixely;
		};
/* End PBXContainerItemProxy section */

/* Begin PBXFileReference section */
		D91EE68E2EB6905400EE4CB0 /* Pixely.app */ = {isa = PBXFileReference; explicitFileType = wrapper.application; includeInIndex = 0; path = Pixely.app; sourceTree = BUILT_PRODUCTS_DIR; };
		D91EE6A22EB6905500EE4CB0 /* PixelyTests.xctest */ = {isa = PBXFileReference; explicitFileType = wrapper.cfbundle; includeInIndex = 0; path = PixelyTests.xctest; sourceTree = BUILT_PRODUCTS_DIR; };
		D91EE7562EB6A40100EE4CB0 /* PixelyTestPlan.xctestplan */ = {isa = PBXFileReference; lastKnownFileType = text; path = PixelyTestPlan.xctestplan; sourceTree = "<group>"; };
		D91EE7592EB73A3100EE4CB0 /* Persistence */ = {isa = PBXFileReference; lastKnownFileType = wrapper; path = Persistence; sourceTree = "<group>"; };
		D91EE7EE2EB73C0300EE4CB0 /* Models */ = {isa = PBXFileReference; lastKnownFileType = wrapper; path = Models; sourceTree = "<group>"; };
		D91EE88E2EB763C700EE4CB0 /* Repositories */ = {isa = PBXFileReference; lastKnownFileType = wrapper; path = Repositories; sourceTree = "<group>"; };
		D91EE8912EB7772900EE4CB0 /* Stores */ = {isa = PBXFileReference; lastKnownFileType = wrapper; path = Stores; sourceTree = "<group>"; };
		D91EE8942EB792B300EE4CB0 /* Features */ = {isa = PBXFileReference; lastKnownFileType = wrapper; path = Features; sourceTree = "<group>"; };
		D91EE8992EB7946C00EE4CB0 /* DesignSystem */ = {isa = PBXFileReference; lastKnownFileType = wrapper; path = DesignSystem; sourceTree = "<group>"; };
		D91EE92D2EB796BA00EE4CB0 /* Navigation */ = {isa = PBXFileReference; lastKnownFileType = wrapper; path = Navigation; sourceTree = "<group>"; };
		D91EE9362EB7ABB700EE4CB0 /* Core */ = {isa = PBXFileReference; lastKnownFileType = wrapper; path = Core; sourceTree = "<group>"; };
/* End PBXFileReference section */

/* Begin PBXFileSystemSynchronizedBuildFileExceptionSet section */
		D91EE6B42EB6905500EE4CB0 /* Exceptions for "Pixely" folder in "Pixely" target */ = {
			isa = PBXFileSystemSynchronizedBuildFileExceptionSet;
			membershipExceptions = (
				Info.plist,
			);
			target = D91EE68D2EB6905400EE4CB0 /* Pixely */;
		};
/* End PBXFileSystemSynchronizedBuildFileExceptionSet section */

/* Begin PBXFileSystemSynchronizedRootGroup section */
		D91EE6902EB6905400EE4CB0 /* Pixely */ = {
			isa = PBXFileSystemSynchronizedRootGroup;
			exceptions = (
				D91EE6B42EB6905500EE4CB0 /* Exceptions for "Pixely" folder in "Pixely" target */,
			);
			path = Pixely;
			sourceTree = "<group>";
		};
		D91EE6A52EB6905500EE4CB0 /* PixelyTests */ = {
			isa = PBXFileSystemSynchronizedRootGroup;
			path = PixelyTests;
			sourceTree = "<group>";
		};
/* End PBXFileSystemSynchronizedRootGroup section */

/* Begin PBXFrameworksBuildPhase section */
		D91EE68B2EB6905400EE4CB0 /* Frameworks */ = {
			isa = PBXFrameworksBuildPhase;
			buildActionMask = 2147483647;
			files = (
				D91EE8962EB7945100EE4CB0 /* Albums in Frameworks */,
				D91EE9332EB7AB6500EE4CB0 /* Settings in Frameworks */,
				D91EE8902EB7656400EE4CB0 /* Repositories in Frameworks */,
				D91EE92F2EB7AA9A00EE4CB0 /* Navigation in Frameworks */,
				D91EE89B2EB7949800EE4CB0 /* DesignSystem in Frameworks */,
				D91EE7FC2EB73D4C00EE4CB0 /* Models in Frameworks */,
				D91EE8982EB7945100EE4CB0 /* Gallery in Frameworks */,
				D91EE9312EB7AB6000EE4CB0 /* Memories in Frameworks */,
				D91EE8932EB779AD00EE4CB0 /* Stores in Frameworks */,
				D91EE75C2EB73B8800EE4CB0 /* Persistence in Frameworks */,
			);
			runOnlyForDeploymentPostprocessing = 0;
		};
		D91EE69F2EB6905500EE4CB0 /* Frameworks */ = {
			isa = PBXFrameworksBuildPhase;
			buildActionMask = 2147483647;
			files = (
			);
			runOnlyForDeploymentPostprocessing = 0;
		};
/* End PBXFrameworksBuildPhase section */

/* Begin PBXGroup section */
		D91EE6852EB6905400EE4CB0 = {
			isa = PBXGroup;
			children = (
				D91EE9362EB7ABB700EE4CB0 /* Core */,
				D91EE8992EB7946C00EE4CB0 /* DesignSystem */,
				D91EE8942EB792B300EE4CB0 /* Features */,
				D91EE7EE2EB73C0300EE4CB0 /* Models */,
				D91EE92D2EB796BA00EE4CB0 /* Navigation */,
				D91EE7592EB73A3100EE4CB0 /* Persistence */,
				D91EE88E2EB763C700EE4CB0 /* Repositories */,
				D91EE8912EB7772900EE4CB0 /* Stores */,
				D91EE7562EB6A40100EE4CB0 /* PixelyTestPlan.xctestplan */,
				D91EE6902EB6905400EE4CB0 /* Pixely */,
				D91EE6A52EB6905500EE4CB0 /* PixelyTests */,
				D91EE75A2EB73B8800EE4CB0 /* Frameworks */,
				D91EE68F2EB6905400EE4CB0 /* Products */,
			);
			sourceTree = "<group>";
		};
		D91EE68F2EB6905400EE4CB0 /* Products */ = {
			isa = PBXGroup;
			children = (
				D91EE68E2EB6905400EE4CB0 /* Pixely.app */,
				D91EE6A22EB6905500EE4CB0 /* PixelyTests.xctest */,
			);
			name = Products;
			sourceTree = "<group>";
		};
		D91EE75A2EB73B8800EE4CB0 /* Frameworks */ = {
			isa = PBXGroup;
			children = (
			);
			name = Frameworks;
			sourceTree = "<group>";
		};
/* End PBXGroup section */

/* Begin PBXNativeTarget section */
		D91EE68D2EB6905400EE4CB0 /* Pixely */ = {
			isa = PBXNativeTarget;
			buildConfigurationList = D91EE6B52EB6905500EE4CB0 /* Build configuration list for PBXNativeTarget "Pixely" */;
			buildPhases = (
				D91EE68A2EB6905400EE4CB0 /* Sources */,
				D91EE68B2EB6905400EE4CB0 /* Frameworks */,
				D91EE68C2EB6905400EE4CB0 /* Resources */,
				D91EE7582EB6BEEA00EE4CB0 /* Swiftlint */,
			);
			buildRules = (
			);
			dependencies = (
			);
			fileSystemSynchronizedGroups = (
				D91EE6902EB6905400EE4CB0 /* Pixely */,
			);
			name = Pixely;
			packageProductDependencies = (
				D91EE75B2EB73B8800EE4CB0 /* Persistence */,
				D91EE7FB2EB73D4C00EE4CB0 /* Models */,
				D91EE88F2EB7656400EE4CB0 /* Repositories */,
				D91EE8922EB779AD00EE4CB0 /* Stores */,
				D91EE8952EB7945100EE4CB0 /* Albums */,
				D91EE8972EB7945100EE4CB0 /* Gallery */,
				D91EE89A2EB7949800EE4CB0 /* DesignSystem */,
				D91EE92E2EB7AA9A00EE4CB0 /* Navigation */,
				D91EE9302EB7AB6000EE4CB0 /* Memories */,
				D91EE9322EB7AB6500EE4CB0 /* Settings */,
			);
			productName = Pixely;
			productReference = D91EE68E2EB6905400EE4CB0 /* Pixely.app */;
			productType = "com.apple.product-type.application";
		};
		D91EE6A12EB6905500EE4CB0 /* PixelyTests */ = {
			isa = PBXNativeTarget;
			buildConfigurationList = D91EE6BA2EB6905500EE4CB0 /* Build configuration list for PBXNativeTarget "PixelyTests" */;
			buildPhases = (
				D91EE69E2EB6905500EE4CB0 /* Sources */,
				D91EE69F2EB6905500EE4CB0 /* Frameworks */,
				D91EE6A02EB6905500EE4CB0 /* Resources */,
			);
			buildRules = (
			);
			dependencies = (
				D91EE6A42EB6905500EE4CB0 /* PBXTargetDependency */,
			);
			fileSystemSynchronizedGroups = (
				D91EE6A52EB6905500EE4CB0 /* PixelyTests */,
			);
			name = PixelyTests;
			packageProductDependencies = (
			);
			productName = PixelyTests;
			productReference = D91EE6A22EB6905500EE4CB0 /* PixelyTests.xctest */;
			productType = "com.apple.product-type.bundle.unit-test";
		};
/* End PBXNativeTarget section */

/* Begin PBXProject section */
		D91EE6862EB6905400EE4CB0 /* Project object */ = {
			isa = PBXProject;
			attributes = {
				BuildIndependentTargetsInParallel = 1;
				LastSwiftUpdateCheck = 2600;
				LastUpgradeCheck = 2600;
				TargetAttributes = {
					D91EE68D2EB6905400EE4CB0 = {
						CreatedOnToolsVersion = 26.0;
					};
					D91EE6A12EB6905500EE4CB0 = {
						CreatedOnToolsVersion = 26.0;
						TestTargetID = D91EE68D2EB6905400EE4CB0;
					};
				};
			};
			buildConfigurationList = D91EE6892EB6905400EE4CB0 /* Build configuration list for PBXProject "Pixely" */;
			developmentRegion = en;
			hasScannedForEncodings = 0;
			knownRegions = (
				en,
				Base,
			);
			mainGroup = D91EE6852EB6905400EE4CB0;
			minimizedProjectReferenceProxies = 1;
			preferredProjectObjectVersion = 77;
			productRefGroup = D91EE68F2EB6905400EE4CB0 /* Products */;
			projectDirPath = "";
			projectRoot = "";
			targets = (
				D91EE68D2EB6905400EE4CB0 /* Pixely */,
				D91EE6A12EB6905500EE4CB0 /* PixelyTests */,
			);
		};
/* End PBXProject section */

/* Begin PBXResourcesBuildPhase section */
		D91EE68C2EB6905400EE4CB0 /* Resources */ = {
			isa = PBXResourcesBuildPhase;
			buildActionMask = 2147483647;
			files = (
				D91EE7572EB6A40100EE4CB0 /* PixelyTestPlan.xctestplan in Resources */,
			);
			runOnlyForDeploymentPostprocessing = 0;
		};
		D91EE6A02EB6905500EE4CB0 /* Resources */ = {
			isa = PBXResourcesBuildPhase;
			buildActionMask = 2147483647;
			files = (
			);
			runOnlyForDeploymentPostprocessing = 0;
		};
/* End PBXResourcesBuildPhase section */

/* Begin PBXShellScriptBuildPhase section */
		D91EE7582EB6BEEA00EE4CB0 /* Swiftlint */ = {
			isa = PBXShellScriptBuildPhase;
			alwaysOutOfDate = 1;
			buildActionMask = 2147483647;
			files = (
			);
			inputFileListPaths = (
			);
			inputPaths = (
			);
			name = Swiftlint;
			outputFileListPaths = (
			);
			outputPaths = (
			);
			runOnlyForDeploymentPostprocessing = 0;
			shellPath = /bin/sh;
			shellScript = "# Type a script or drag a script file from your workspace to insert its path.\nif [[ \"$(uname -m)\" == arm64 ]]\nthen\n    export PATH=\"/opt/homebrew/bin:$PATH\"\nfi\n\nif command -v swiftlint >/dev/null 2>&1\nthen\n    swiftlint\nelse\n    echo \"warning: `swiftlint` command not found - See https://github.com/realm/SwiftLint#installation for installation instructions.\"\nfi\n";
		};
/* End PBXShellScriptBuildPhase section */

/* Begin PBXSourcesBuildPhase section */
		D91EE68A2EB6905400EE4CB0 /* Sources */ = {
			isa = PBXSourcesBuildPhase;
			buildActionMask = 2147483647;
			files = (
			);
			runOnlyForDeploymentPostprocessing = 0;
		};
		D91EE69E2EB6905500EE4CB0 /* Sources */ = {
			isa = PBXSourcesBuildPhase;
			buildActionMask = 2147483647;
			files = (
			);
			runOnlyForDeploymentPostprocessing = 0;
		};
/* End PBXSourcesBuildPhase section */

/* Begin PBXTargetDependency section */
		D91EE6A42EB6905500EE4CB0 /* PBXTargetDependency */ = {
			isa = PBXTargetDependency;
			target = D91EE68D2EB6905400EE4CB0 /* Pixely */;
			targetProxy = D91EE6A32EB6905500EE4CB0 /* PBXContainerItemProxy */;
		};
/* End PBXTargetDependency section */

/* Begin XCBuildConfiguration section */
		D91EE6B62EB6905500EE4CB0 /* Debug */ = {
			isa = XCBuildConfiguration;
			buildSettings = {
				ASSETCATALOG_COMPILER_APPICON_NAME = AppIcon;
				ASSETCATALOG_COMPILER_GLOBAL_ACCENT_COLOR_NAME = AccentColor;
				CODE_SIGN_STYLE = Automatic;
				CURRENT_PROJECT_VERSION = 1;
				DEVELOPMENT_TEAM = 8TMMB69WBG;
				ENABLE_APP_SANDBOX = YES;
				ENABLE_HARDENED_RUNTIME = YES;
				ENABLE_PREVIEWS = YES;
				ENABLE_USER_SCRIPT_SANDBOXING = NO;
				ENABLE_USER_SELECTED_FILES = readonly;
				GENERATE_INFOPLIST_FILE = YES;
				INFOPLIST_FILE = Pixely/Info.plist;
				INFOPLIST_KEY_CFBundleDisplayName = Pixely;
				"INFOPLIST_KEY_UIApplicationSceneManifest_Generation[sdk=iphoneos*]" = YES;
				"INFOPLIST_KEY_UIApplicationSceneManifest_Generation[sdk=iphonesimulator*]" = YES;
				"INFOPLIST_KEY_UIApplicationSupportsIndirectInputEvents[sdk=iphoneos*]" = YES;
				"INFOPLIST_KEY_UIApplicationSupportsIndirectInputEvents[sdk=iphonesimulator*]" = YES;
				"INFOPLIST_KEY_UILaunchScreen_Generation[sdk=iphoneos*]" = YES;
				"INFOPLIST_KEY_UILaunchScreen_Generation[sdk=iphonesimulator*]" = YES;
				"INFOPLIST_KEY_UIStatusBarStyle[sdk=iphoneos*]" = UIStatusBarStyleDefault;
				"INFOPLIST_KEY_UIStatusBarStyle[sdk=iphonesimulator*]" = UIStatusBarStyleDefault;
				INFOPLIST_KEY_UISupportedInterfaceOrientations = UIInterfaceOrientationPortrait;
				INFOPLIST_KEY_UISupportedInterfaceOrientations_iPad = "UIInterfaceOrientationLandscapeLeft UIInterfaceOrientationLandscapeRight UIInterfaceOrientationPortrait UIInterfaceOrientationPortraitUpsideDown";
				IPHONEOS_DEPLOYMENT_TARGET = 17.6;
				LD_RUNPATH_SEARCH_PATHS = "@executable_path/Frameworks";
				"LD_RUNPATH_SEARCH_PATHS[sdk=macosx*]" = "@executable_path/../Frameworks";
				MACOSX_DEPLOYMENT_TARGET = 26.0;
				MARKETING_VERSION = 1.0;
				PRODUCT_BUNDLE_IDENTIFIER = com.sementa.Pixely;
				PRODUCT_NAME = "$(TARGET_NAME)";
				REGISTER_APP_GROUPS = YES;
				SDKROOT = auto;
				STRING_CATALOG_GENERATE_SYMBOLS = YES;
				SUPPORTED_PLATFORMS = "iphoneos iphonesimulator";
				SUPPORTS_MACCATALYST = NO;
				SWIFT_APPROACHABLE_CONCURRENCY = YES;
				SWIFT_DEFAULT_ACTOR_ISOLATION = MainActor;
				SWIFT_EMIT_LOC_STRINGS = YES;
				SWIFT_UPCOMING_FEATURE_MEMBER_IMPORT_VISIBILITY = YES;
				SWIFT_VERSION = 5.0;
				TARGETED_DEVICE_FAMILY = 1;
				XROS_DEPLOYMENT_TARGET = 26.0;
			};
			name = Debug;
		};
		D91EE6B72EB6905500EE4CB0 /* Release */ = {
			isa = XCBuildConfiguration;
			buildSettings = {
				ASSETCATALOG_COMPILER_APPICON_NAME = AppIcon;
				ASSETCATALOG_COMPILER_GLOBAL_ACCENT_COLOR_NAME = AccentColor;
				CODE_SIGN_STYLE = Automatic;
				CURRENT_PROJECT_VERSION = 1;
				DEVELOPMENT_TEAM = 8TMMB69WBG;
				ENABLE_APP_SANDBOX = YES;
				ENABLE_HARDENED_RUNTIME = YES;
				ENABLE_PREVIEWS = YES;
				ENABLE_USER_SCRIPT_SANDBOXING = NO;
				ENABLE_USER_SELECTED_FILES = readonly;
				GENERATE_INFOPLIST_FILE = YES;
				INFOPLIST_FILE = Pixely/Info.plist;
				INFOPLIST_KEY_CFBundleDisplayName = Pixely;
				"INFOPLIST_KEY_UIApplicationSceneManifest_Generation[sdk=iphoneos*]" = YES;
				"INFOPLIST_KEY_UIApplicationSceneManifest_Generation[sdk=iphonesimulator*]" = YES;
				"INFOPLIST_KEY_UIApplicationSupportsIndirectInputEvents[sdk=iphoneos*]" = YES;
				"INFOPLIST_KEY_UIApplicationSupportsIndirectInputEvents[sdk=iphonesimulator*]" = YES;
				"INFOPLIST_KEY_UILaunchScreen_Generation[sdk=iphoneos*]" = YES;
				"INFOPLIST_KEY_UILaunchScreen_Generation[sdk=iphonesimulator*]" = YES;
				"INFOPLIST_KEY_UIStatusBarStyle[sdk=iphoneos*]" = UIStatusBarStyleDefault;
				"INFOPLIST_KEY_UIStatusBarStyle[sdk=iphonesimulator*]" = UIStatusBarStyleDefault;
				INFOPLIST_KEY_UISupportedInterfaceOrientations = UIInterfaceOrientationPortrait;
				INFOPLIST_KEY_UISupportedInterfaceOrientations_iPad = "UIInterfaceOrientationLandscapeLeft UIInterfaceOrientationLandscapeRight UIInterfaceOrientationPortrait UIInterfaceOrientationPortraitUpsideDown";
				IPHONEOS_DEPLOYMENT_TARGET = 17.6;
				LD_RUNPATH_SEARCH_PATHS = "@executable_path/Frameworks";
				"LD_RUNPATH_SEARCH_PATHS[sdk=macosx*]" = "@executable_path/../Frameworks";
				MACOSX_DEPLOYMENT_TARGET = 26.0;
				MARKETING_VERSION = 1.0;
				PRODUCT_BUNDLE_IDENTIFIER = com.sementa.Pixely;
				PRODUCT_NAME = "$(TARGET_NAME)";
				REGISTER_APP_GROUPS = YES;
				SDKROOT = auto;
				STRING_CATALOG_GENERATE_SYMBOLS = YES;
				SUPPORTED_PLATFORMS = "iphoneos iphonesimulator";
				SUPPORTS_MACCATALYST = NO;
				SWIFT_APPROACHABLE_CONCURRENCY = YES;
				SWIFT_DEFAULT_ACTOR_ISOLATION = MainActor;
				SWIFT_EMIT_LOC_STRINGS = YES;
				SWIFT_UPCOMING_FEATURE_MEMBER_IMPORT_VISIBILITY = YES;
				SWIFT_VERSION = 5.0;
				TARGETED_DEVICE_FAMILY = 1;
				XROS_DEPLOYMENT_TARGET = 26.0;
			};
			name = Release;
		};
		D91EE6B82EB6905500EE4CB0 /* Debug */ = {
			isa = XCBuildConfiguration;
			buildSettings = {
				ALWAYS_SEARCH_USER_PATHS = NO;
				ASSETCATALOG_COMPILER_GENERATE_SWIFT_ASSET_SYMBOL_EXTENSIONS = YES;
				CLANG_ANALYZER_NONNULL = YES;
				CLANG_ANALYZER_NUMBER_OBJECT_CONVERSION = YES_AGGRESSIVE;
				CLANG_CXX_LANGUAGE_STANDARD = "gnu++20";
				CLANG_ENABLE_MODULES = YES;
				CLANG_ENABLE_OBJC_ARC = YES;
				CLANG_ENABLE_OBJC_WEAK = YES;
				CLANG_WARN_BLOCK_CAPTURE_AUTORELEASING = YES;
				CLANG_WARN_BOOL_CONVERSION = YES;
				CLANG_WARN_COMMA = YES;
				CLANG_WARN_CONSTANT_CONVERSION = YES;
				CLANG_WARN_DEPRECATED_OBJC_IMPLEMENTATIONS = YES;
				CLANG_WARN_DIRECT_OBJC_ISA_USAGE = YES_ERROR;
				CLANG_WARN_DOCUMENTATION_COMMENTS = YES;
				CLANG_WARN_EMPTY_BODY = YES;
				CLANG_WARN_ENUM_CONVERSION = YES;
				CLANG_WARN_INFINITE_RECURSION = YES;
				CLANG_WARN_INT_CONVERSION = YES;
				CLANG_WARN_NON_LITERAL_NULL_CONVERSION = YES;
				CLANG_WARN_OBJC_IMPLICIT_RETAIN_SELF = YES;
				CLANG_WARN_OBJC_LITERAL_CONVERSION = YES;
				CLANG_WARN_OBJC_ROOT_CLASS = YES_ERROR;
				CLANG_WARN_QUOTED_INCLUDE_IN_FRAMEWORK_HEADER = YES;
				CLANG_WARN_RANGE_LOOP_ANALYSIS = YES;
				CLANG_WARN_STRICT_PROTOTYPES = YES;
				CLANG_WARN_SUSPICIOUS_MOVE = YES;
				CLANG_WARN_UNGUARDED_AVAILABILITY = YES_AGGRESSIVE;
				CLANG_WARN_UNREACHABLE_CODE = YES;
				CLANG_WARN__DUPLICATE_METHOD_MATCH = YES;
				COPY_PHASE_STRIP = NO;
				DEBUG_INFORMATION_FORMAT = dwarf;
				DEVELOPMENT_TEAM = 8TMMB69WBG;
				ENABLE_STRICT_OBJC_MSGSEND = YES;
				ENABLE_TESTABILITY = YES;
				ENABLE_USER_SCRIPT_SANDBOXING = YES;
				GCC_C_LANGUAGE_STANDARD = gnu17;
				GCC_DYNAMIC_NO_PIC = NO;
				GCC_NO_COMMON_BLOCKS = YES;
				GCC_OPTIMIZATION_LEVEL = 0;
				GCC_PREPROCESSOR_DEFINITIONS = (
					"DEBUG=1",
					"$(inherited)",
				);
				GCC_WARN_64_TO_32_BIT_CONVERSION = YES;
				GCC_WARN_ABOUT_RETURN_TYPE = YES_ERROR;
				GCC_WARN_UNDECLARED_SELECTOR = YES;
				GCC_WARN_UNINITIALIZED_AUTOS = YES_AGGRESSIVE;
				GCC_WARN_UNUSED_FUNCTION = YES;
				GCC_WARN_UNUSED_VARIABLE = YES;
				LOCALIZATION_PREFERS_STRING_CATALOGS = YES;
				MTL_ENABLE_DEBUG_INFO = INCLUDE_SOURCE;
				MTL_FAST_MATH = YES;
				ONLY_ACTIVE_ARCH = YES;
				SWIFT_ACTIVE_COMPILATION_CONDITIONS = "DEBUG $(inherited)";
				SWIFT_OPTIMIZATION_LEVEL = "-Onone";
			};
			name = Debug;
		};
		D91EE6B92EB6905500EE4CB0 /* Release */ = {
			isa = XCBuildConfiguration;
			buildSettings = {
				ALWAYS_SEARCH_USER_PATHS = NO;
				ASSETCATALOG_COMPILER_GENERATE_SWIFT_ASSET_SYMBOL_EXTENSIONS = YES;
				CLANG_ANALYZER_NONNULL = YES;
				CLANG_ANALYZER_NUMBER_OBJECT_CONVERSION = YES_AGGRESSIVE;
				CLANG_CXX_LANGUAGE_STANDARD = "gnu++20";
				CLANG_ENABLE_MODULES = YES;
				CLANG_ENABLE_OBJC_ARC = YES;
				CLANG_ENABLE_OBJC_WEAK = YES;
				CLANG_WARN_BLOCK_CAPTURE_AUTORELEASING = YES;
				CLANG_WARN_BOOL_CONVERSION = YES;
				CLANG_WARN_COMMA = YES;
				CLANG_WARN_CONSTANT_CONVERSION = YES;
				CLANG_WARN_DEPRECATED_OBJC_IMPLEMENTATIONS = YES;
				CLANG_WARN_DIRECT_OBJC_ISA_USAGE = YES_ERROR;
				CLANG_WARN_DOCUMENTATION_COMMENTS = YES;
				CLANG_WARN_EMPTY_BODY = YES;
				CLANG_WARN_ENUM_CONVERSION = YES;
				CLANG_WARN_INFINITE_RECURSION = YES;
				CLANG_WARN_INT_CONVERSION = YES;
				CLANG_WARN_NON_LITERAL_NULL_CONVERSION = YES;
				CLANG_WARN_OBJC_IMPLICIT_RETAIN_SELF = YES;
				CLANG_WARN_OBJC_LITERAL_CONVERSION = YES;
				CLANG_WARN_OBJC_ROOT_CLASS = YES_ERROR;
				CLANG_WARN_QUOTED_INCLUDE_IN_FRAMEWORK_HEADER = YES;
				CLANG_WARN_RANGE_LOOP_ANALYSIS = YES;
				CLANG_WARN_STRICT_PROTOTYPES = YES;
				CLANG_WARN_SUSPICIOUS_MOVE = YES;
				CLANG_WARN_UNGUARDED_AVAILABILITY = YES_AGGRESSIVE;
				CLANG_WARN_UNREACHABLE_CODE = YES;
				CLANG_WARN__DUPLICATE_METHOD_MATCH = YES;
				COPY_PHASE_STRIP = NO;
				DEBUG_INFORMATION_FORMAT = "dwarf-with-dsym";
				DEVELOPMENT_TEAM = 8TMMB69WBG;
				ENABLE_NS_ASSERTIONS = NO;
				ENABLE_STRICT_OBJC_MSGSEND = YES;
				ENABLE_USER_SCRIPT_SANDBOXING = YES;
				GCC_C_LANGUAGE_STANDARD = gnu17;
				GCC_NO_COMMON_BLOCKS = YES;
				GCC_WARN_64_TO_32_BIT_CONVERSION = YES;
				GCC_WARN_ABOUT_RETURN_TYPE = YES_ERROR;
				GCC_WARN_UNDECLARED_SELECTOR = YES;
				GCC_WARN_UNINITIALIZED_AUTOS = YES_AGGRESSIVE;
				GCC_WARN_UNUSED_FUNCTION = YES;
				GCC_WARN_UNUSED_VARIABLE = YES;
				LOCALIZATION_PREFERS_STRING_CATALOGS = YES;
				MTL_ENABLE_DEBUG_INFO = NO;
				MTL_FAST_MATH = YES;
				SWIFT_COMPILATION_MODE = wholemodule;
			};
			name = Release;
		};
		D91EE6BB2EB6905500EE4CB0 /* Debug */ = {
			isa = XCBuildConfiguration;
			buildSettings = {
				BUNDLE_LOADER = "$(TEST_HOST)";
				CODE_SIGN_STYLE = Automatic;
				CURRENT_PROJECT_VERSION = 1;
				DEVELOPMENT_TEAM = 8TMMB69WBG;
				GENERATE_INFOPLIST_FILE = YES;
				IPHONEOS_DEPLOYMENT_TARGET = 17.6;
				MACOSX_DEPLOYMENT_TARGET = 26.0;
				MARKETING_VERSION = 1.0;
				PRODUCT_BUNDLE_IDENTIFIER = com.sementa.PixelyTests;
				PRODUCT_NAME = "$(TARGET_NAME)";
				SDKROOT = auto;
				STRING_CATALOG_GENERATE_SYMBOLS = NO;
				SUPPORTED_PLATFORMS = "iphoneos iphonesimulator";
				SUPPORTS_MACCATALYST = NO;
				SWIFT_APPROACHABLE_CONCURRENCY = YES;
				SWIFT_EMIT_LOC_STRINGS = NO;
				SWIFT_UPCOMING_FEATURE_MEMBER_IMPORT_VISIBILITY = YES;
				SWIFT_VERSION = 5.0;
				TARGETED_DEVICE_FAMILY = 1;
				TEST_HOST = "$(BUILT_PRODUCTS_DIR)/Pixely.app/$(BUNDLE_EXECUTABLE_FOLDER_PATH)/Pixely";
				XROS_DEPLOYMENT_TARGET = 26.0;
			};
			name = Debug;
		};
		D91EE6BC2EB6905500EE4CB0 /* Release */ = {
			isa = XCBuildConfiguration;
			buildSettings = {
				BUNDLE_LOADER = "$(TEST_HOST)";
				CODE_SIGN_STYLE = Automatic;
				CURRENT_PROJECT_VERSION = 1;
				DEVELOPMENT_TEAM = 8TMMB69WBG;
				GENERATE_INFOPLIST_FILE = YES;
				IPHONEOS_DEPLOYMENT_TARGET = 17.6;
				MACOSX_DEPLOYMENT_TARGET = 26.0;
				MARKETING_VERSION = 1.0;
				PRODUCT_BUNDLE_IDENTIFIER = com.sementa.PixelyTests;
				PRODUCT_NAME = "$(TARGET_NAME)";
				SDKROOT = auto;
				STRING_CATALOG_GENERATE_SYMBOLS = NO;
				SUPPORTED_PLATFORMS = "iphoneos iphonesimulator";
				SUPPORTS_MACCATALYST = NO;
				SWIFT_APPROACHABLE_CONCURRENCY = YES;
				SWIFT_EMIT_LOC_STRINGS = NO;
				SWIFT_UPCOMING_FEATURE_MEMBER_IMPORT_VISIBILITY = YES;
				SWIFT_VERSION = 5.0;
				TARGETED_DEVICE_FAMILY = 1;
				TEST_HOST = "$(BUILT_PRODUCTS_DIR)/Pixely.app/$(BUNDLE_EXECUTABLE_FOLDER_PATH)/Pixely";
				XROS_DEPLOYMENT_TARGET = 26.0;
			};
			name = Release;
		};
/* End XCBuildConfiguration section */

/* Begin XCConfigurationList section */
		D91EE6892EB6905400EE4CB0 /* Build configuration list for PBXProject "Pixely" */ = {
			isa = XCConfigurationList;
			buildConfigurations = (
				D91EE6B82EB6905500EE4CB0 /* Debug */,
				D91EE6B92EB6905500EE4CB0 /* Release */,
			);
			defaultConfigurationIsVisible = 0;
			defaultConfigurationName = Release;
		};
		D91EE6B52EB6905500EE4CB0 /* Build configuration list for PBXNativeTarget "Pixely" */ = {
			isa = XCConfigurationList;
			buildConfigurations = (
				D91EE6B62EB6905500EE4CB0 /* Debug */,
				D91EE6B72EB6905500EE4CB0 /* Release */,
			);
			defaultConfigurationIsVisible = 0;
			defaultConfigurationName = Release;
		};
		D91EE6BA2EB6905500EE4CB0 /* Build configuration list for PBXNativeTarget "PixelyTests" */ = {
			isa = XCConfigurationList;
			buildConfigurations = (
				D91EE6BB2EB6905500EE4CB0 /* Debug */,
				D91EE6BC2EB6905500EE4CB0 /* Release */,
			);
			defaultConfigurationIsVisible = 0;
			defaultConfigurationName = Release;
		};
/* End XCConfigurationList section */

/* Begin XCSwiftPackageProductDependency section */
		D91EE75B2EB73B8800EE4CB0 /* Persistence */ = {
			isa = XCSwiftPackageProductDependency;
			productName = Persistence;
		};
		D91EE7FB2EB73D4C00EE4CB0 /* Models */ = {
			isa = XCSwiftPackageProductDependency;
			productName = Models;
		};
		D91EE88F2EB7656400EE4CB0 /* Repositories */ = {
			isa = XCSwiftPackageProductDependency;
			productName = Repositories;
		};
		D91EE8922EB779AD00EE4CB0 /* Stores */ = {
			isa = XCSwiftPackageProductDependency;
			productName = Stores;
		};
		D91EE8952EB7945100EE4CB0 /* Albums */ = {
			isa = XCSwiftPackageProductDependency;
			productName = Albums;
		};
		D91EE8972EB7945100EE4CB0 /* Gallery */ = {
			isa = XCSwiftPackageProductDependency;
			productName = Gallery;
		};
		D91EE89A2EB7949800EE4CB0 /* DesignSystem */ = {
			isa = XCSwiftPackageProductDependency;
			productName = DesignSystem;
		};
		D91EE92E2EB7AA9A00EE4CB0 /* Navigation */ = {
			isa = XCSwiftPackageProductDependency;
			productName = Navigation;
		};
		D91EE9302EB7AB6000EE4CB0 /* Memories */ = {
			isa = XCSwiftPackageProductDependency;
			productName = Memories;
		};
		D91EE9322EB7AB6500EE4CB0 /* Settings */ = {
			isa = XCSwiftPackageProductDependency;
			productName = Settings;
		};
/* End XCSwiftPackageProductDependency section */
	};
	rootObject = D91EE6862EB6905400EE4CB0 /* Project object */;
}
